{
  "requires": true,
  "lockfileVersion": 1,
  "dependencies": {
    "@kolkov/angular-editor": {
      "version": "3.0.0-beta.0",
      "resolved": "https://registry.npmjs.org/@kolkov/angular-editor/-/angular-editor-3.0.0-beta.0.tgz",
      "integrity": "sha512-uUa8FW9lFskfL8rans7YRtUQIVK1Qj8bBT9q1MwPXFZ1t+/KfPk62FL5IuMfcnu28UfKl0J2AnGYwbQe4h+Etw==",
      "requires": {
        "tslib": "^2.3.0"
      }
    },
    "dommatrix": {
      "version": "1.0.3",
      "resolved": "https://registry.npmjs.org/dommatrix/-/dommatrix-1.0.3.tgz",
      "integrity": "sha512-l32Xp/TLgWb8ReqbVJAFIvXmY7go4nTxxlWiAFyhoQw9RKEOHBZNnyGvJWqDVSPmq3Y9HlM4npqF/T6VMOXhww=="
    },
    "ng2-pdf-viewer": {
      "version": "9.1.2",
      "resolved": "https://registry.npmjs.org/ng2-pdf-viewer/-/ng2-pdf-viewer-9.1.2.tgz",
      "integrity": "sha512-dVfrEOW0rusHjLGpGnkt2mDKdd3LKK9uXAbNxOCv94I2jS2QjciPHMELLKWCliBXiLNbDOTsQdCDQPvYT3vKgQ==",
      "requires": {
        "pdfjs-dist": "~2.14.305",
        "tslib": "^2.3.1"
      }
    },
    "pdfjs-dist": {
      "version": "2.14.305",
      "resolved": "https://registry.npmjs.org/pdfjs-dist/-/pdfjs-dist-2.14.305.tgz",
      "integrity": "sha512-5f7i25J1dKIBczhgfxEgNxfYNIxXEdxqo6Qb4ehY7Ja+p6AI4uUmk/OcVGXfRGm2ys5iaJJhJUwBFwv6Jl/Qww==",
      "requires": {
        "dommatrix": "^1.0.1",
        "web-streams-polyfill": "^3.2.1"
      }
    },
    "tslib": {
      "version": "2.4.0",
      "resolved": "https://registry.npmjs.org/tslib/-/tslib-2.4.0.tgz",
      "integrity": "sha512-d6xOpEDfsi2CZVlPQzGeux8XMwLT9hssAsaPYExaQMuYskwb+x1x7J371tWlbBdWHroy99KnVB6qIkUbs5X3UQ=="
    },
    "web-streams-polyfill": {
      "version": "3.2.1",
      "resolved": "https://registry.npmjs.org/web-streams-polyfill/-/web-streams-polyfill-3.2.1.tgz",
      "integrity": "sha512-e0MO3wdXWKrLbL0DgGnUV7WHVuw9OUvL4hjgnPkIeEvESk74gAITi5G606JtZPp39cd8HA9VQzCIvA49LpPN5Q=="
    }
  }
}
